
Microsoft Visual Studio Solution File, Format Version 12.00
# Visual Studio Version 17
VisualStudioVersion = 17.4.33213.308
MinimumVisualStudioVersion = 10.0.40219.1
Project("{FAE04EC0-301F-11D3-BF4B-00C04F79EFBC}") = "ChallengeApp", "ChallengeApp\ChallengeApp.csproj", "{F7C2F666-D05D-4327-A7F5-8D523A627368}"
EndProject
Global
	GlobalSection(SolutionConfigurationPlatforms) = preSolution
		Debug|Any CPU = Debug|Any CPU
		Release|Any CPU = Release|Any CPU
	EndGlobalSection
	GlobalSection(ProjectConfigurationPlatforms) = postSolution
		{F7C2F666-D05D-4327-A7F5-8D523A627368}.Debug|Any CPU.ActiveCfg = Debug|Any CPU
		{F7C2F666-D05D-4327-A7F5-8D523A627368}.Debug|Any CPU.Build.0 = Debug|Any CPU
		{F7C2F666-D05D-4327-A7F5-8D523A627368}.Release|Any CPU.ActiveCfg = Release|Any CPU
		{F7C2F666-D05D-4327-A7F5-8D523A627368}.Release|Any CPU.Build.0 = Release|Any CPU
	EndGlobalSection
	GlobalSection(SolutionProperties) = preSolution
		HideSolutionNode = FALSE
	EndGlobalSection
	GlobalSection(ExtensibilityGlobals) = postSolution
		SolutionGuid = {E2138B53-09CF-47F4-97F9-E4814C9C6E9B}
	EndGlobalSection
EndGlobal
